{
  "pins" : [
    {
      "identity" : "maplibre-gl-native-distribution",
      "kind" : "remoteSourceControl",
      "location" : "https://github.com/maplibre/maplibre-gl-native-distribution.git",
      "state" : {
        "revision" : "abe762f1e19e03a4c6943d2aad92c219da384b29",
        "version" : "6.5.4"
      }
    },
    {
      "identity" : "maplibre-swift-macros",
      "kind" : "remoteSourceControl",
      "location" : "https://github.com/stadiamaps/maplibre-swift-macros.git",
      "state" : {
        "revision" : "236215c13bff962009e0f0257d6d8349be33442f",
        "version" : "0.0.4"
      }
    },
    {
      "identity" : "maplibre-swiftui-dsl-playground",
      "kind" : "remoteSourceControl",
      "location" : "https://github.com/stadiamaps/maplibre-swiftui-dsl-playground",
      "state" : {
        "revision" : "02f5a62009bc991a9dc59011785c83c347d7eea6",
        "version" : "0.0.23"
      }
    },
    {
      "identity" : "mockable",
      "kind" : "remoteSourceControl",
      "location" : "https://github.com/Kolos65/Mockable.git",
      "state" : {
        "revision" : "81ccaead99a3c038c09345caa2888ae74b644ee9",
        "version" : "0.0.9"
      }
    },
    {
      "identity" : "swift-snapshot-testing",
      "kind" : "remoteSourceControl",
      "location" : "https://github.com/pointfreeco/swift-snapshot-testing",
      "state" : {
        "revision" : "6d932a79e7173b275b96c600c86c603cf84f153c",
        "version" : "1.17.4"
      }
    },
    {
      "identity" : "swift-syntax",
      "kind" : "remoteSourceControl",
      "location" : "https://github.com/swiftlang/swift-syntax.git",
      "state" : {
        "revision" : "64889f0c732f210a935a0ad7cda38f77f876262d",
        "version" : "509.1.1"
      }
    }
  ],
  "version" : 2
}
