{
  "pins" : [
    {
      "identity" : "maplibre-gl-native-distribution",
      "kind" : "remoteSourceControl",
      "location" : "https://github.com/maplibre/maplibre-gl-native-distribution",
      "state" : {
        "revision" : "ffda61e298c1490d4860d5184e80d618aaadc089",
        "version" : "5.13.0"
      }
    },
    {
      "identity" : "maplibre-swiftui-dsl-playground",
      "kind" : "remoteSourceControl",
      "location" : "https://github.com/stadiamaps/maplibre-swiftui-dsl-playground",
      "state" : {
        "branch" : "main",
        "revision" : "e5776f9f8b99c85b690d317fd5649b5453c7b02a"
      }
    }
  ],
  "version" : 2
}
