{
  "originHash" : "141c2d9c1dd8cc8e672317d57ad745a0a2e9033cfcb90338be55e776435705b5",
  "pins" : [
    {
      "identity" : "ferrostar",
      "kind" : "remoteSourceControl",
      "location" : "https://github.com/stadiamaps/ferrostar",
      "state" : {
        "revision" : "133e0ffc6b26293fd26a23746a6556b6f28a9b51",
        "version" : "0.15.0"
      }
    },
    {
      "identity" : "maplibre-gl-native-distribution",
      "kind" : "remoteSourceControl",
      "location" : "https://github.com/maplibre/maplibre-gl-native-distribution.git",
      "state" : {
        "revision" : "e409318144091c3ee9ad551b202e1c36695f8086",
        "version" : "6.7.0"
      }
    },
    {
      "identity" : "maplibre-swift-macros",
      "kind" : "remoteSourceControl",
      "location" : "https://github.com/stadiamaps/maplibre-swift-macros.git",
      "state" : {
        "revision" : "236215c13bff962009e0f0257d6d8349be33442f",
        "version" : "0.0.4"
      }
    },
    {
      "identity" : "mockable",
      "kind" : "remoteSourceControl",
      "location" : "https://github.com/Kolos65/Mockable.git",
      "state" : {
        "revision" : "da977ecb20974c4b1cf185f5fd38771b2d4674fb",
        "version" : "0.0.10"
      }
    },
    {
      "identity" : "swift-syntax",
      "kind" : "remoteSourceControl",
      "location" : "https://github.com/swiftlang/swift-syntax.git",
      "state" : {
        "revision" : "64889f0c732f210a935a0ad7cda38f77f876262d",
        "version" : "509.1.1"
      }
    },
    {
      "identity" : "swiftui-dsl",
      "kind" : "remoteSourceControl",
      "location" : "https://github.com/maplibre/swiftui-dsl",
      "state" : {
        "revision" : "5ba75ef1e4382fcc7ee71e274eb9c2a50906b14e",
        "version" : "0.1.0"
      }
    }
  ],
  "version" : 3
}
